
Microsoft Visual Studio Solution File, Format Version 12.00
# Visual Studio 15
VisualStudioVersion = 15.0.26430.14
MinimumVisualStudioVersion = 10.0.40219.1
Project("{FAE04EC0-301F-11D3-BF4B-00C04F79EFBC}") = "Datos", "Datos\Datos.csproj", "{AF91BDB1-1164-445B-9D44-13472455CE49}"
EndProject
Project("{FAE04EC0-301F-11D3-BF4B-00C04F79EFBC}") = "logica", "logica\logica.csproj", "{638B99AF-4A48-4FD3-B79B-367E6ED58770}"
EndProject
Project("{FAE04EC0-301F-11D3-BF4B-00C04F79EFBC}") = "TRAZAAR", "ProdCatriel\TRAZAAR.csproj", "{7A677B5B-1EA2-4237-85D2-090708A13F47}"
EndProject
Project("{2150E333-8FDC-42A3-9474-1A3956D46DE8}") = "C_Datos", "C_Datos", "{E252EDD8-017E-484B-917B-B24E0B4373AE}"
EndProject
Project("{2150E333-8FDC-42A3-9474-1A3956D46DE8}") = "C_Lógica", "C_Lógica", "{CD3D8631-97F0-4E30-A8E7-B55A92C7CCC8}"
EndProject
Project("{2150E333-8FDC-42A3-9474-1A3956D46DE8}") = "C_TRAZAAR", "C_TRAZAAR", "{A8AC4D7C-5B58-4653-8300-C5063FD090BE}"
EndProject
Global
	GlobalSection(SolutionConfigurationPlatforms) = preSolution
		Debug|Any CPU = Debug|Any CPU
		Release|Any CPU = Release|Any CPU
	EndGlobalSection
	GlobalSection(ProjectConfigurationPlatforms) = postSolution
		{AF91BDB1-1164-445B-9D44-13472455CE49}.Debug|Any CPU.ActiveCfg = Debug|Any CPU
		{AF91BDB1-1164-445B-9D44-13472455CE49}.Debug|Any CPU.Build.0 = Debug|Any CPU
		{AF91BDB1-1164-445B-9D44-13472455CE49}.Release|Any CPU.ActiveCfg = Release|Any CPU
		{AF91BDB1-1164-445B-9D44-13472455CE49}.Release|Any CPU.Build.0 = Release|Any CPU
		{638B99AF-4A48-4FD3-B79B-367E6ED58770}.Debug|Any CPU.ActiveCfg = Debug|Any CPU
		{638B99AF-4A48-4FD3-B79B-367E6ED58770}.Debug|Any CPU.Build.0 = Debug|Any CPU
		{638B99AF-4A48-4FD3-B79B-367E6ED58770}.Release|Any CPU.ActiveCfg = Release|Any CPU
		{638B99AF-4A48-4FD3-B79B-367E6ED58770}.Release|Any CPU.Build.0 = Release|Any CPU
		{7A677B5B-1EA2-4237-85D2-090708A13F47}.Debug|Any CPU.ActiveCfg = Debug|Any CPU
		{7A677B5B-1EA2-4237-85D2-090708A13F47}.Debug|Any CPU.Build.0 = Debug|Any CPU
		{7A677B5B-1EA2-4237-85D2-090708A13F47}.Release|Any CPU.ActiveCfg = Release|Any CPU
		{7A677B5B-1EA2-4237-85D2-090708A13F47}.Release|Any CPU.Build.0 = Release|Any CPU
	EndGlobalSection
	GlobalSection(SolutionProperties) = preSolution
		HideSolutionNode = FALSE
	EndGlobalSection
	GlobalSection(NestedProjects) = preSolution
		{AF91BDB1-1164-445B-9D44-13472455CE49} = {E252EDD8-017E-484B-917B-B24E0B4373AE}
		{638B99AF-4A48-4FD3-B79B-367E6ED58770} = {CD3D8631-97F0-4E30-A8E7-B55A92C7CCC8}
		{7A677B5B-1EA2-4237-85D2-090708A13F47} = {A8AC4D7C-5B58-4653-8300-C5063FD090BE}
	EndGlobalSection
	GlobalSection(ExtensibilityGlobals) = postSolution
		SolutionGuid = {88817A54-42C1-4C38-8049-B3B8B4DB22EF}
	EndGlobalSection
EndGlobal
